
Microsoft Visual Studio Solution File, Format Version 12.00
# Visual Studio Version 17
VisualStudioVersion = 17.13.35825.156 d17.13
MinimumVisualStudioVersion = 10.0.40219.1
Project("{FAE04EC0-301F-11D3-BF4B-00C04F79EFBC}") = "ConsoleApp3", "ConsoleApp3\ConsoleApp3.csproj", "{088D3E45-973E-4D30-9EE8-BF0653C2201C}"
EndProject
Global
	GlobalSection(SolutionConfigurationPlatforms) = preSolution
		Debug|Any CPU = Debug|Any CPU
		Release|Any CPU = Release|Any CPU
	EndGlobalSection
	GlobalSection(ProjectConfigurationPlatforms) = postSolution
		{088D3E45-973E-4D30-9EE8-BF0653C2201C}.Debug|Any CPU.ActiveCfg = Debug|Any CPU
		{088D3E45-973E-4D30-9EE8-BF0653C2201C}.Debug|Any CPU.Build.0 = Debug|Any CPU
		{088D3E45-973E-4D30-9EE8-BF0653C2201C}.Release|Any CPU.ActiveCfg = Release|Any CPU
		{088D3E45-973E-4D30-9EE8-BF0653C2201C}.Release|Any CPU.Build.0 = Release|Any CPU
	EndGlobalSection
	GlobalSection(SolutionProperties) = preSolution
		HideSolutionNode = FALSE
	EndGlobalSection
	GlobalSection(ExtensibilityGlobals) = postSolution
		SolutionGuid = {678BFFEF-5275-46C7-B730-36F560DA2382}
	EndGlobalSection
EndGlobal
